
Microsoft Visual Studio Solution File, Format Version 12.00
# Visual Studio Version 17
VisualStudioVersion = 17.5.002.0
MinimumVisualStudioVersion = 10.0.40219.1
Project("{9A19103F-16F7-4668-BE54-9A1E7A4F7556}") = "sub4lazar", "sub4lazar.csproj", "{AFD762DD-68CE-4FE1-A3D8-6D7F1CC28166}"
EndProject
Global
	GlobalSection(SolutionConfigurationPlatforms) = preSolution
		Debug|Any CPU = Debug|Any CPU
		Release|Any CPU = Release|Any CPU
	EndGlobalSection
	GlobalSection(ProjectConfigurationPlatforms) = postSolution
		{AFD762DD-68CE-4FE1-A3D8-6D7F1CC28166}.Debug|Any CPU.ActiveCfg = Debug|Any CPU
		{AFD762DD-68CE-4FE1-A3D8-6D7F1CC28166}.Debug|Any CPU.Build.0 = Debug|Any CPU
		{AFD762DD-68CE-4FE1-A3D8-6D7F1CC28166}.Release|Any CPU.ActiveCfg = Release|Any CPU
		{AFD762DD-68CE-4FE1-A3D8-6D7F1CC28166}.Release|Any CPU.Build.0 = Release|Any CPU
	EndGlobalSection
	GlobalSection(SolutionProperties) = preSolution
		HideSolutionNode = FALSE
	EndGlobalSection
	GlobalSection(ExtensibilityGlobals) = postSolution
		SolutionGuid = {9F21A340-8BD2-467E-96BC-6A448230820A}
	EndGlobalSection
EndGlobal
